
Microsoft Visual Studio Solution File, Format Version 12.00
# Visual Studio 15
Project("{2150E333-8FDC-42A3-9474-1A3956D46DE8}") = "Web", "Web", "{182F9FE5-AEA2-4FA4-971D-B898AAF907B1}"
EndProject
Project("{FAE04EC0-301F-11D3-BF4B-00C04F79EFBC}") = "GeekTeach.Web", "GeekTeach.Web\GeekTeach.Web.csproj", "{D50D8B91-9366-4851-ACB8-AB550CF54413}"
EndProject
Project("{2150E333-8FDC-42A3-9474-1A3956D46DE8}") = "Core", "Core", "{CA20C186-2B36-4680-9704-A90DEC21CE76}"
EndProject
Project("{FAE04EC0-301F-11D3-BF4B-00C04F79EFBC}") = "GeekTeach.Data", "Core\GeekTeach.Data\GeekTeach.Data.csproj", "{AB9E9FD3-38FB-450A-AB08-0E5079836036}"
EndProject
Project("{FAE04EC0-301F-11D3-BF4B-00C04F79EFBC}") = "GeekTeach.Application", "Core\GeekTeach.Application\GeekTeach.Application.csproj", "{60A95342-6136-442A-B7B3-45BE27B476BE}"
EndProject
Project("{2150E333-8FDC-42A3-9474-1A3956D46DE8}") = "Framework", "Framework", "{D5CB0B7E-1AF0-4F0A-8A52-0599EEA340B2}"
EndProject
Project("{FAE04EC0-301F-11D3-BF4B-00C04F79EFBC}") = "Geek.Framework", "Framework\Geek.Framework\Geek.Framework.csproj", "{4C1D0D38-5C98-4EE2-80FC-E0C8DC43AFAE}"
EndProject
Global
	GlobalSection(SolutionConfigurationPlatforms) = preSolution
		Debug|Any CPU = Debug|Any CPU
		Release|Any CPU = Release|Any CPU
	EndGlobalSection
	GlobalSection(ProjectConfigurationPlatforms) = postSolution
		{D50D8B91-9366-4851-ACB8-AB550CF54413}.Debug|Any CPU.ActiveCfg = Debug|Any CPU
		{D50D8B91-9366-4851-ACB8-AB550CF54413}.Debug|Any CPU.Build.0 = Debug|Any CPU
		{D50D8B91-9366-4851-ACB8-AB550CF54413}.Release|Any CPU.ActiveCfg = Release|Any CPU
		{D50D8B91-9366-4851-ACB8-AB550CF54413}.Release|Any CPU.Build.0 = Release|Any CPU
		{AB9E9FD3-38FB-450A-AB08-0E5079836036}.Debug|Any CPU.ActiveCfg = Debug|Any CPU
		{AB9E9FD3-38FB-450A-AB08-0E5079836036}.Debug|Any CPU.Build.0 = Debug|Any CPU
		{AB9E9FD3-38FB-450A-AB08-0E5079836036}.Release|Any CPU.ActiveCfg = Release|Any CPU
		{AB9E9FD3-38FB-450A-AB08-0E5079836036}.Release|Any CPU.Build.0 = Release|Any CPU
		{60A95342-6136-442A-B7B3-45BE27B476BE}.Debug|Any CPU.ActiveCfg = Debug|Any CPU
		{60A95342-6136-442A-B7B3-45BE27B476BE}.Debug|Any CPU.Build.0 = Debug|Any CPU
		{60A95342-6136-442A-B7B3-45BE27B476BE}.Release|Any CPU.ActiveCfg = Release|Any CPU
		{60A95342-6136-442A-B7B3-45BE27B476BE}.Release|Any CPU.Build.0 = Release|Any CPU
		{4C1D0D38-5C98-4EE2-80FC-E0C8DC43AFAE}.Debug|Any CPU.ActiveCfg = Debug|Any CPU
		{4C1D0D38-5C98-4EE2-80FC-E0C8DC43AFAE}.Debug|Any CPU.Build.0 = Debug|Any CPU
		{4C1D0D38-5C98-4EE2-80FC-E0C8DC43AFAE}.Release|Any CPU.ActiveCfg = Release|Any CPU
		{4C1D0D38-5C98-4EE2-80FC-E0C8DC43AFAE}.Release|Any CPU.Build.0 = Release|Any CPU
	EndGlobalSection
	GlobalSection(NestedProjects) = preSolution
		{D50D8B91-9366-4851-ACB8-AB550CF54413} = {182F9FE5-AEA2-4FA4-971D-B898AAF907B1}
		{AB9E9FD3-38FB-450A-AB08-0E5079836036} = {CA20C186-2B36-4680-9704-A90DEC21CE76}
		{60A95342-6136-442A-B7B3-45BE27B476BE} = {CA20C186-2B36-4680-9704-A90DEC21CE76}
		{4C1D0D38-5C98-4EE2-80FC-E0C8DC43AFAE} = {D5CB0B7E-1AF0-4F0A-8A52-0599EEA340B2}
	EndGlobalSection
	GlobalSection(MonoDevelopProperties) = preSolution
		Policies = $0
		$0.DotNetNamingPolicy = $1
		$1.DirectoryNamespaceAssociation = PrefixedHierarchical
		$0.VersionControlPolicy = $2
	EndGlobalSection
EndGlobal
